# Resolved from /private/tmp/flow-maf-lock-20260927 on macOS arm64/Python 3.12.
# macOS arm64 / CPython 3.12 wheel lock. Regenerate from a trusted local
# wheelhouse with `shasum -a 256 wheelhouse/*.whl`; provisioning uses
# --require-hashes and --no-deps.
agent-framework-core==1.19.0 --hash=sha256:c887e6d5380b5ab21731b981f4c3e6b342f211bda20526ab82fa20c34a9bddbd
agent-framework-orchestrations==1.2.0 --hash=sha256:c152ebe352cf259d8e673c74ff8e12baef3e9a6e961806004d24cde8d5f3c2be
annotated-types==0.8.0 --hash=sha256:f072f4d804ea359e4eaf198b1af7a8b0943881a87f31bb764f8bf219bb9419e0
msgspec==0.21.1 --hash=sha256:5102c7e9b3acff82178449b85006d96310e690291bb1ea0142f1b24bcb8aabcb
opentelemetry-api==1.45.0 --hash=sha256:80e068aba7cd56c8b58512d6a36f8d25cb1dfaa0c0a4cc1c938ccf9f362d9cb3
pydantic==2.13.5 --hash=sha256:346a034f080da3755d8e9cb5e00e8b07de1d39e4f6e2c87d8ab7cafa0b269a73
pydantic-core==2.46.5 --hash=sha256:a39ac25a9a2fa4072efdb429833c4a4c8009a51ff9eea3eeae131713cd27991e
python-dotenv==1.2.3 --hash=sha256:904552145e8bfed22162c09dab1c2b9b54fefa7b23ba780f4f26ca0316b0f0d9
PyYAML==6.0.3 --hash=sha256:fc09d0aa354569bc501d4e787133afc08552722d3ab34836a80547331bb5d4a0
typing-inspection==0.4.4 --hash=sha256:65b8397ba37ccbce054456aaccddfc91e6e3083c92824df348d96ca832f3f147
typing-extensions==4.16.0 --hash=sha256:481caa481374e813c1b176ada14e97f1f67a4539ce9cfeb3f350d78d6370c2e8
