# Python 3.14 / macOS arm64 pilot lock. Regenerate explicitly for another platform.
click==8.5.0 --hash=sha256:255bc9599cf7748b4b1a446ccc735421bd08a2ae529a8b88597d3de5664ee360
colorama==0.4.6 --hash=sha256:4f1d9991f5acc0ca119f9d443620b77f9d6b33703e51011c16baf57afb285fc6
coverage==7.14.0 --hash=sha256:ba3b8390db29296dbbf49e91b6fe08f990743a90c8f447ba4c2ffc29670dfa63
gitdb==4.0.12 --hash=sha256:67073e15955400952c6565cc3e707c554a4eea2e428946f7a4c162fab9bd9bcf
gitpython==3.1.62 --hash=sha256:7002251225e10e29d2e1f49e6532613fe5d5d9f0b6f1f02997a52b38fe56899e
iniconfig==2.3.0 --hash=sha256:f631c04d2c48c52b84d0d0549c99ff3859c98df65b3101406327ecc7d53fbf12
libcst==1.9.0 --hash=sha256:eccf4c57d273cdd3fe1c67b72cf9bb1bbd4547aa011824e96ccf5b7136057aa4
linkify_it_py==2.2.0 --hash=sha256:3adc40eb5af300b2605fcfdb968c24e1d780a90f1f2221af7c15e5111e94d443
mando==0.7.1 --hash=sha256:26ef1d70928b6057ee3ca12583d73c63e05c49de8972d620c278a7b206581a8a
markdown_it_py==4.2.0 --hash=sha256:9f7ebbcd14fe59494226453aed97c1070d83f8d24b6fc3a3bcf9a38092641c4a
mdit_py_plugins==0.6.1 --hash=sha256:214c82fb2ac524472ab6a5bcab1de80f73b50443e187f401bfd77efbc7c6481d
mdurl==0.1.2 --hash=sha256:84008a41e51615a49fc9966191ff91509e3c40b939176e643fd50a5c2196b8f8
mutmut==3.7.0 --hash=sha256:1d2f9a1bfa4a474b2213df6b17223150b492bf4a85af0eda4fb322297337fb32
networkx==3.6.1 --hash=sha256:d47fbf302e7d9cbbb9e2555a0d267983d2aa476bac30e90dfbe5669bd57f3762
packaging==26.3 --hash=sha256:d7193f7c8e4e93f444fde0262bf90af30e16fa0ad0ad44cb553c87339b23cd1c
platformdirs==4.11.8 --hash=sha256:52f2f181bbfde907966932cc8312d967d02976422d66d537ea16092b8e291081
pluggy==1.6.0 --hash=sha256:e920276dd6813095e9377c0bc5566d94c932c33b27a3e3945d8389c374dd4746
prompt_toolkit==3.0.53 --hash=sha256:01c0891d7f9237d5e339f7d3e42cdae80b7534abb1c7c0e3352efba6231492f2
pydot==4.0.1 --hash=sha256:869c0efadd2708c0be1f916eb669f3d664ca684bc57ffb7ecc08e70d5e93fee6
pygments==2.21.0 --hash=sha256:2363c69b61c4a97c838da3b130dcd6468f4848992b21a82f2a63ec34377137d9
pyparsing==3.3.2 --hash=sha256:850ba148bd908d7e2411587e247a1e4f0327839c40e2e5e6d05a007ecc69911d
pytest==9.1.1 --hash=sha256:37a86b45efb9a47a61a36449063e8e18d0cab3161329fc099eb21783169c4f0c
pyyaml==6.0.3 --hash=sha256:34d5fcd24b8445fadc33f9cf348c1047101756fd760b4dacb5c3e99755703310
radon==6.0.1 --hash=sha256:632cc032364a6f8bb1010a2f6a12d0f14bc7e5ede76585ef29dc0cecf4cd8859
rich==15.0.0 --hash=sha256:33bd4ef74232fb73fe9279a257718407f169c09b78a87ad3d296f548e27de0bb
setproctitle==1.3.7 --hash=sha256:b53602371a52b91c80aaf578b5ada29d311d12b8a69c0c17fbc35b76a1fd4f2e
six==1.17.0 --hash=sha256:4721f391ed90541fddacab5acf947aa0d3dc7d27b2e1e8eda2be8970586c3274
smmap==5.0.3 --hash=sha256:c106e05d5a61449cf6ba9a1e650227ecfb141590d2a98412103ff35d89fc7b2f
tach==0.35.0 --hash=sha256:f14a3943783fa3285030468958718a0696d908d50a5c5119e2b42dae37e32114
textual==8.2.8 --hash=sha256:267375fd402dc8d981457212efa71f0e3365fd17bba144ba9bb3ed7563cb374a
tomli==2.4.1 --hash=sha256:a120733b01c45e9a0c34aeef92bf0cf1d56cfe81ed9d47d562f9ed591a9828ac
tomli_w==1.2.0 --hash=sha256:188306098d013b691fcadc011abd66727d3c414c571bb01b1a174ba8c983cf90
typing_extensions==4.16.0 --hash=sha256:481caa481374e813c1b176ada14e97f1f67a4539ce9cfeb3f350d78d6370c2e8
wcwidth==0.8.3 --hash=sha256:d5b73dba6158a595ec9370350e7f2637bcac8d6c5e4fde34f30fcffb6103a5e4
